
Microsoft Visual Studio Solution File, Format Version 12.00
# Visual Studio Version 16
VisualStudioVersion = 16.0.34902.97
MinimumVisualStudioVersion = 10.0.40219.1
Project("{FAE04EC0-301F-11D3-BF4B-00C04F79EFBC}") = "StudentsList", "StudentsList.csproj", "{690285CA-F334-4320-9022-F33A8B7947D4}"
EndProject
Global
	GlobalSection(SolutionConfigurationPlatforms) = preSolution
		Debug|Any CPU = Debug|Any CPU
		Release|Any CPU = Release|Any CPU
	EndGlobalSection
	GlobalSection(ProjectConfigurationPlatforms) = postSolution
		{690285CA-F334-4320-9022-F33A8B7947D4}.Debug|Any CPU.ActiveCfg = Debug|Any CPU
		{690285CA-F334-4320-9022-F33A8B7947D4}.Debug|Any CPU.Build.0 = Debug|Any CPU
		{690285CA-F334-4320-9022-F33A8B7947D4}.Release|Any CPU.ActiveCfg = Release|Any CPU
		{690285CA-F334-4320-9022-F33A8B7947D4}.Release|Any CPU.Build.0 = Release|Any CPU
	EndGlobalSection
	GlobalSection(SolutionProperties) = preSolution
		HideSolutionNode = FALSE
	EndGlobalSection
	GlobalSection(ExtensibilityGlobals) = postSolution
		SolutionGuid = {C10ECCAC-0D28-4AC3-A284-00E5FF1519DA}
	EndGlobalSection
EndGlobal
