
Microsoft Visual Studio Solution File, Format Version 12.00
# Visual Studio Version 16
VisualStudioVersion = 16.0.34902.97
MinimumVisualStudioVersion = 10.0.40219.1
Project("{FAE04EC0-301F-11D3-BF4B-00C04F79EFBC}") = "methods5", "methods5.csproj", "{9601747D-FF5E-4709-A5E2-598DFC74162B}"
EndProject
Global
	GlobalSection(SolutionConfigurationPlatforms) = preSolution
		Debug|Any CPU = Debug|Any CPU
		Release|Any CPU = Release|Any CPU
	EndGlobalSection
	GlobalSection(ProjectConfigurationPlatforms) = postSolution
		{9601747D-FF5E-4709-A5E2-598DFC74162B}.Debug|Any CPU.ActiveCfg = Debug|Any CPU
		{9601747D-FF5E-4709-A5E2-598DFC74162B}.Debug|Any CPU.Build.0 = Debug|Any CPU
		{9601747D-FF5E-4709-A5E2-598DFC74162B}.Release|Any CPU.ActiveCfg = Release|Any CPU
		{9601747D-FF5E-4709-A5E2-598DFC74162B}.Release|Any CPU.Build.0 = Release|Any CPU
	EndGlobalSection
	GlobalSection(SolutionProperties) = preSolution
		HideSolutionNode = FALSE
	EndGlobalSection
	GlobalSection(ExtensibilityGlobals) = postSolution
		SolutionGuid = {F901F957-820A-4B1E-B720-A66F3D0E86E1}
	EndGlobalSection
EndGlobal
