
Microsoft Visual Studio Solution File, Format Version 12.00
# Visual Studio Version 16
VisualStudioVersion = 16.0.34902.97
MinimumVisualStudioVersion = 10.0.40219.1
Project("{F184B08F-C81C-45F6-A57F-5ABD9991F28F}") = "StudentsMVC", "StudentsMVC.vbproj", "{64798F2A-00A6-4826-8487-5A202DEF7D87}"
EndProject
Global
	GlobalSection(SolutionConfigurationPlatforms) = preSolution
		Debug|Any CPU = Debug|Any CPU
		Release|Any CPU = Release|Any CPU
	EndGlobalSection
	GlobalSection(ProjectConfigurationPlatforms) = postSolution
		{64798F2A-00A6-4826-8487-5A202DEF7D87}.Debug|Any CPU.ActiveCfg = Debug|Any CPU
		{64798F2A-00A6-4826-8487-5A202DEF7D87}.Debug|Any CPU.Build.0 = Debug|Any CPU
		{64798F2A-00A6-4826-8487-5A202DEF7D87}.Release|Any CPU.ActiveCfg = Release|Any CPU
		{64798F2A-00A6-4826-8487-5A202DEF7D87}.Release|Any CPU.Build.0 = Release|Any CPU
	EndGlobalSection
	GlobalSection(SolutionProperties) = preSolution
		HideSolutionNode = FALSE
	EndGlobalSection
	GlobalSection(ExtensibilityGlobals) = postSolution
		SolutionGuid = {F849F11E-27AD-4691-BE77-76E24513E18B}
	EndGlobalSection
EndGlobal
