
Microsoft Visual Studio Solution File, Format Version 12.00
# Visual Studio Version 16
VisualStudioVersion = 16.0.34902.97
MinimumVisualStudioVersion = 10.0.40219.1
Project("{FAE04EC0-301F-11D3-BF4B-00C04F79EFBC}") = "dateTime", "dateTime.csproj", "{4959285D-400C-47D8-91ED-B57FBBE68959}"
EndProject
Global
	GlobalSection(SolutionConfigurationPlatforms) = preSolution
		Debug|Any CPU = Debug|Any CPU
		Release|Any CPU = Release|Any CPU
	EndGlobalSection
	GlobalSection(ProjectConfigurationPlatforms) = postSolution
		{4959285D-400C-47D8-91ED-B57FBBE68959}.Debug|Any CPU.ActiveCfg = Debug|Any CPU
		{4959285D-400C-47D8-91ED-B57FBBE68959}.Debug|Any CPU.Build.0 = Debug|Any CPU
		{4959285D-400C-47D8-91ED-B57FBBE68959}.Release|Any CPU.ActiveCfg = Release|Any CPU
		{4959285D-400C-47D8-91ED-B57FBBE68959}.Release|Any CPU.Build.0 = Release|Any CPU
	EndGlobalSection
	GlobalSection(SolutionProperties) = preSolution
		HideSolutionNode = FALSE
	EndGlobalSection
	GlobalSection(ExtensibilityGlobals) = postSolution
		SolutionGuid = {E485F0AD-EE69-4D16-B2FA-771DB51E1F5A}
	EndGlobalSection
EndGlobal
