
Microsoft Visual Studio Solution File, Format Version 12.00
# Visual Studio Version 16
VisualStudioVersion = 16.0.34902.97
MinimumVisualStudioVersion = 10.0.40219.1
Project("{FAE04EC0-301F-11D3-BF4B-00C04F79EFBC}") = "MathApp", "MathApp.csproj", "{8C170B7E-8E62-42E6-828C-DAD79B2D9B63}"
EndProject
Global
	GlobalSection(SolutionConfigurationPlatforms) = preSolution
		Debug|Any CPU = Debug|Any CPU
		Release|Any CPU = Release|Any CPU
	EndGlobalSection
	GlobalSection(ProjectConfigurationPlatforms) = postSolution
		{8C170B7E-8E62-42E6-828C-DAD79B2D9B63}.Debug|Any CPU.ActiveCfg = Debug|Any CPU
		{8C170B7E-8E62-42E6-828C-DAD79B2D9B63}.Debug|Any CPU.Build.0 = Debug|Any CPU
		{8C170B7E-8E62-42E6-828C-DAD79B2D9B63}.Release|Any CPU.ActiveCfg = Release|Any CPU
		{8C170B7E-8E62-42E6-828C-DAD79B2D9B63}.Release|Any CPU.Build.0 = Release|Any CPU
	EndGlobalSection
	GlobalSection(SolutionProperties) = preSolution
		HideSolutionNode = FALSE
	EndGlobalSection
	GlobalSection(ExtensibilityGlobals) = postSolution
		SolutionGuid = {39CE15E7-B308-4610-94AB-2E139A8505D8}
	EndGlobalSection
EndGlobal
