
Microsoft Visual Studio Solution File, Format Version 12.00
# Visual Studio Version 16
VisualStudioVersion = 16.0.34902.97
MinimumVisualStudioVersion = 10.0.40219.1
Project("{FAE04EC0-301F-11D3-BF4B-00C04F79EFBC}") = "methods3", "methods3.csproj", "{67A2F15C-20CC-49FE-9BF6-ABA6C6117E5F}"
EndProject
Global
	GlobalSection(SolutionConfigurationPlatforms) = preSolution
		Debug|Any CPU = Debug|Any CPU
		Release|Any CPU = Release|Any CPU
	EndGlobalSection
	GlobalSection(ProjectConfigurationPlatforms) = postSolution
		{67A2F15C-20CC-49FE-9BF6-ABA6C6117E5F}.Debug|Any CPU.ActiveCfg = Debug|Any CPU
		{67A2F15C-20CC-49FE-9BF6-ABA6C6117E5F}.Debug|Any CPU.Build.0 = Debug|Any CPU
		{67A2F15C-20CC-49FE-9BF6-ABA6C6117E5F}.Release|Any CPU.ActiveCfg = Release|Any CPU
		{67A2F15C-20CC-49FE-9BF6-ABA6C6117E5F}.Release|Any CPU.Build.0 = Release|Any CPU
	EndGlobalSection
	GlobalSection(SolutionProperties) = preSolution
		HideSolutionNode = FALSE
	EndGlobalSection
	GlobalSection(ExtensibilityGlobals) = postSolution
		SolutionGuid = {8D4F9BD1-DDC4-48B4-A1FA-2B1FBC48C617}
	EndGlobalSection
EndGlobal
